
Microsoft Visual Studio Solution File, Format Version 12.00
# Visual Studio Version 17
VisualStudioVersion = 17.13.35818.85
MinimumVisualStudioVersion = 10.0.40219.1
Project("{8BC9CEB8-8B4A-11D0-8D11-00A0C91BC942}") = "Dont Interrupt Music (SH)", "Dont Interrupt Music (SH)\Dont Interrupt Music (SH).vcxproj", "{8A21BAD8-AFF4-4114-A9F6-019C7D8C9916}"
EndProject
Project("{FAE04EC0-301F-11D3-BF4B-00C04F79EFBC}") = "Dont Interrupt Music Config", "Dont Interrupt Music Config\Dont Interrupt Music Config.csproj", "{D959C433-B596-42E3-BF71-AE5D6948119F}"
EndProject
Global
	GlobalSection(SolutionConfigurationPlatforms) = preSolution
		Debug|Any CPU = Debug|Any CPU
		Debug|x64 = Debug|x64
		Debug|x86 = Debug|x86
		Release|Any CPU = Release|Any CPU
		Release|x64 = Release|x64
		Release|x86 = Release|x86
	EndGlobalSection
	GlobalSection(ProjectConfigurationPlatforms) = postSolution
		{8A21BAD8-AFF4-4114-A9F6-019C7D8C9916}.Debug|Any CPU.ActiveCfg = Debug|x64
		{8A21BAD8-AFF4-4114-A9F6-019C7D8C9916}.Debug|Any CPU.Build.0 = Debug|x64
		{8A21BAD8-AFF4-4114-A9F6-019C7D8C9916}.Debug|x64.ActiveCfg = Debug|x64
		{8A21BAD8-AFF4-4114-A9F6-019C7D8C9916}.Debug|x64.Build.0 = Debug|x64
		{8A21BAD8-AFF4-4114-A9F6-019C7D8C9916}.Debug|x86.ActiveCfg = Debug|Win32
		{8A21BAD8-AFF4-4114-A9F6-019C7D8C9916}.Debug|x86.Build.0 = Debug|Win32
		{8A21BAD8-AFF4-4114-A9F6-019C7D8C9916}.Release|Any CPU.ActiveCfg = Release|x64
		{8A21BAD8-AFF4-4114-A9F6-019C7D8C9916}.Release|Any CPU.Build.0 = Release|x64
		{8A21BAD8-AFF4-4114-A9F6-019C7D8C9916}.Release|x64.ActiveCfg = Release|x64
		{8A21BAD8-AFF4-4114-A9F6-019C7D8C9916}.Release|x64.Build.0 = Release|x64
		{8A21BAD8-AFF4-4114-A9F6-019C7D8C9916}.Release|x86.ActiveCfg = Release|Win32
		{8A21BAD8-AFF4-4114-A9F6-019C7D8C9916}.Release|x86.Build.0 = Release|Win32
		{D959C433-B596-42E3-BF71-AE5D6948119F}.Debug|Any CPU.ActiveCfg = Debug|Any CPU
		{D959C433-B596-42E3-BF71-AE5D6948119F}.Debug|Any CPU.Build.0 = Debug|Any CPU
		{D959C433-B596-42E3-BF71-AE5D6948119F}.Debug|x64.ActiveCfg = Debug|Any CPU
		{D959C433-B596-42E3-BF71-AE5D6948119F}.Debug|x64.Build.0 = Debug|Any CPU
		{D959C433-B596-42E3-BF71-AE5D6948119F}.Debug|x86.ActiveCfg = Debug|Any CPU
		{D959C433-B596-42E3-BF71-AE5D6948119F}.Debug|x86.Build.0 = Debug|Any CPU
		{D959C433-B596-42E3-BF71-AE5D6948119F}.Release|Any CPU.ActiveCfg = Release|Any CPU
		{D959C433-B596-42E3-BF71-AE5D6948119F}.Release|Any CPU.Build.0 = Release|Any CPU
		{D959C433-B596-42E3-BF71-AE5D6948119F}.Release|x64.ActiveCfg = Release|Any CPU
		{D959C433-B596-42E3-BF71-AE5D6948119F}.Release|x64.Build.0 = Release|Any CPU
		{D959C433-B596-42E3-BF71-AE5D6948119F}.Release|x86.ActiveCfg = Release|Any CPU
		{D959C433-B596-42E3-BF71-AE5D6948119F}.Release|x86.Build.0 = Release|Any CPU
	EndGlobalSection
	GlobalSection(SolutionProperties) = preSolution
		HideSolutionNode = FALSE
	EndGlobalSection
	GlobalSection(ExtensibilityGlobals) = postSolution
		SolutionGuid = {A0BD38F3-8F13-469B-8564-2A3F148CA270}
	EndGlobalSection
EndGlobal
